
Microsoft Visual Studio Solution File, Format Version 12.00
# Visual Studio Version 16
VisualStudioVersion = 16.0.30114.105
MinimumVisualStudioVersion = 10.0.40219.1
Project("{FAE04EC0-301F-11D3-BF4B-00C04F79EFBC}") = "BigSchoolll", "BigSchoolll\BigSchoolll.csproj", "{7432CEF0-F506-407C-A173-59265267B816}"
EndProject
Global
	GlobalSection(SolutionConfigurationPlatforms) = preSolution
		Debug|Any CPU = Debug|Any CPU
		Release|Any CPU = Release|Any CPU
	EndGlobalSection
	GlobalSection(ProjectConfigurationPlatforms) = postSolution
		{7432CEF0-F506-407C-A173-59265267B816}.Debug|Any CPU.ActiveCfg = Debug|Any CPU
		{7432CEF0-F506-407C-A173-59265267B816}.Debug|Any CPU.Build.0 = Debug|Any CPU
		{7432CEF0-F506-407C-A173-59265267B816}.Release|Any CPU.ActiveCfg = Release|Any CPU
		{7432CEF0-F506-407C-A173-59265267B816}.Release|Any CPU.Build.0 = Release|Any CPU
	EndGlobalSection
	GlobalSection(SolutionProperties) = preSolution
		HideSolutionNode = FALSE
	EndGlobalSection
	GlobalSection(ExtensibilityGlobals) = postSolution
		SolutionGuid = {84E6FCA3-AB49-4678-A268-44D533E4CACC}
	EndGlobalSection
EndGlobal
